
Microsoft Visual Studio Solution File, Format Version 12.00
# Visual Studio Version 17
VisualStudioVersion = 17.4.33110.190
MinimumVisualStudioVersion = 10.0.40219.1
Project("{9A19103F-16F7-4668-BE54-9A1E7A4F7556}") = "BlazorMercadoPagoDemo", "BlazorMercadoPagoDemo\BlazorMercadoPagoDemo.csproj", "{96ACDA39-8D9A-4005-ACDD-98DFAD180FF0}"
EndProject
Global
	GlobalSection(SolutionConfigurationPlatforms) = preSolution
		Debug|Any CPU = Debug|Any CPU
		Release|Any CPU = Release|Any CPU
	EndGlobalSection
	GlobalSection(ProjectConfigurationPlatforms) = postSolution
		{96ACDA39-8D9A-4005-ACDD-98DFAD180FF0}.Debug|Any CPU.ActiveCfg = Debug|Any CPU
		{96ACDA39-8D9A-4005-ACDD-98DFAD180FF0}.Debug|Any CPU.Build.0 = Debug|Any CPU
		{96ACDA39-8D9A-4005-ACDD-98DFAD180FF0}.Release|Any CPU.ActiveCfg = Release|Any CPU
		{96ACDA39-8D9A-4005-ACDD-98DFAD180FF0}.Release|Any CPU.Build.0 = Release|Any CPU
	EndGlobalSection
	GlobalSection(SolutionProperties) = preSolution
		HideSolutionNode = FALSE
	EndGlobalSection
	GlobalSection(ExtensibilityGlobals) = postSolution
		SolutionGuid = {C82B84A4-D477-4740-8281-8900CF9D0F06}
	EndGlobalSection
EndGlobal
